
Microsoft Visual Studio Solution File, Format Version 12.00
# Visual Studio 15
VisualStudioVersion = 15.0.25807.0
MinimumVisualStudioVersion = 10.0.40219.1
Project("{8BC9CEB8-8B4A-11D0-8D11-00A0C91BC942}") = "1040 As Easy As A+B", "1040 As Easy As A+B\1040 As Easy As A+B.vcxproj", "{6A9C8E78-1492-401D-98E5-95D4CA883175}"
EndProject
Project("{8BC9CEB8-8B4A-11D0-8D11-00A0C91BC942}") = "1102 Constructing Roads", "1102 Constructing Roads\1102 Constructing Roads.vcxproj", "{9DD39073-8369-4802-9939-BC34AD0B5C81}"
EndProject
Project("{8BC9CEB8-8B4A-11D0-8D11-00A0C91BC942}") = "1162 Eddy's picture", "1162 Eddy's picture\1162 Eddy's picture.vcxproj", "{C92A2A56-186C-4924-AB38-F9AED1C9BE8F}"
EndProject
Project("{8BC9CEB8-8B4A-11D0-8D11-00A0C91BC942}") = "1233 还是畅通工程", "1233 还是畅通工程\1233 还是畅通工程.vcxproj", "{53945071-0B7E-4EAE-86D0-10D3E4E7F9C4}"
EndProject
Project("{8BC9CEB8-8B4A-11D0-8D11-00A0C91BC942}") = "1272 小希的迷宫", "1272 小希的迷宫\1272 小希的迷宫.vcxproj", "{E9D42933-3428-4222-8B49-AB26C0F96522}"
EndProject
Project("{8BC9CEB8-8B4A-11D0-8D11-00A0C91BC942}") = "1280 前m大的数", "1280 前m大的数\1280 前m大的数.vcxproj", "{5B343C0B-48CB-4774-BC2E-A495AC2E7C54}"
EndProject
Project("{8BC9CEB8-8B4A-11D0-8D11-00A0C91BC942}") = "1425 sort", "1425 sort\1425 sort.vcxproj", "{5F726D8B-C00A-401F-B32D-51821C72E268}"
EndProject
Project("{8BC9CEB8-8B4A-11D0-8D11-00A0C91BC942}") = "1534 Schedule Problem", "1534 Schedule Problem\1534 Schedule Problem.vcxproj", "{A137DBFF-71DC-47F9-86B3-6E419025579E}"
EndProject
Project("{8BC9CEB8-8B4A-11D0-8D11-00A0C91BC942}") = "1863 畅通工程", "1863 畅通工程\1863 畅通工程.vcxproj", "{C5FE9D12-7804-46E6-94EB-78502A20AA44}"
EndProject
Project("{8BC9CEB8-8B4A-11D0-8D11-00A0C91BC942}") = "1874 畅通工程续", "1874 畅通工程续\1874 畅通工程续.vcxproj", "{2696403F-B3A1-4861-AEE3-79E6CD5555AE}"
EndProject
Project("{8BC9CEB8-8B4A-11D0-8D11-00A0C91BC942}") = "1875 畅通工程再续", "1875 畅通工程再续\1875 畅通工程再续.vcxproj", "{BD8BB870-7ACA-49BC-8152-C796A0FD9788}"
EndProject
Project("{8BC9CEB8-8B4A-11D0-8D11-00A0C91BC942}") = "2066 一个人的旅行", "2066 一个人的旅行\2066 一个人的旅行.vcxproj", "{5CD2EE65-8889-485D-B733-87B4C20BBD74}"
EndProject
Project("{8BC9CEB8-8B4A-11D0-8D11-00A0C91BC942}") = "2544 最短路", "2544 最短路\2544 最短路.vcxproj", "{1F465DB2-7192-45FC-B869-A8CAF8745C4F}"
EndProject
Project("{8BC9CEB8-8B4A-11D0-8D11-00A0C91BC942}") = "3038 How Many Answers Are Wrong", "3038 How Many Answers Are Wrong\3038 How Many Answers Are Wrong.vcxproj", "{783109AB-F919-4B07-A044-27CDB35B3177}"
EndProject
Project("{8BC9CEB8-8B4A-11D0-8D11-00A0C91BC942}") = "3440 House Man", "3440 House Man\3440 House Man.vcxproj", "{3968E030-D873-4C7B-91F9-ED80533954E0}"
EndProject
Project("{8BC9CEB8-8B4A-11D0-8D11-00A0C91BC942}") = "3592 World Exhibition", "3592 World Exhibition\3592 World Exhibition.vcxproj", "{D454B1C1-23DF-43B6-9E22-DC73EABBB23B}"
EndProject
Project("{8BC9CEB8-8B4A-11D0-8D11-00A0C91BC942}") = "3666 THE MATRIX PROBLEM", "3666 THE MATRIX PROBLEM\3666 THE MATRIX PROBLEM.vcxproj", "{AA3A4D05-F2F0-45D2-B49E-B827F1B1F8DC}"
EndProject
Project("{8BC9CEB8-8B4A-11D0-8D11-00A0C91BC942}") = "4463 Outlets", "4463 Outlets\4463 Outlets.vcxproj", "{59F0BACB-A45C-404C-AC28-5B8D1E03197B}"
EndProject
Project("{8BC9CEB8-8B4A-11D0-8D11-00A0C91BC942}") = "1520 Anniversary party", "1520 Anniversary party\1520 Anniversary party.vcxproj", "{5BC267D3-17F9-40CF-8DB9-14FB6EC55849}"
EndProject
Project("{8BC9CEB8-8B4A-11D0-8D11-00A0C91BC942}") = "2196 Computer", "2196 Computer\2196 Computer.vcxproj", "{886A234A-F953-404C-B0D0-83916960E133}"
EndProject
Project("{8BC9CEB8-8B4A-11D0-8D11-00A0C91BC942}") = "1011 Starship Troopers", "1011 Starship Troopers\1011 Starship Troopers.vcxproj", "{4695FC54-0205-4649-8718-E457DB6D4A4B}"
EndProject
Project("{8BC9CEB8-8B4A-11D0-8D11-00A0C91BC942}") = "2089 不要62", "2089 不要62\2089 不要62.vcxproj", "{EDE0523E-4B47-4974-A588-A1865387A419}"
EndProject
Project("{8BC9CEB8-8B4A-11D0-8D11-00A0C91BC942}") = "3555 Bomb", "3555 Bomb\3555 Bomb.vcxproj", "{EBBEBE6D-E180-4CF5-BE85-3BD3F243DF1D}"
EndProject
Project("{8BC9CEB8-8B4A-11D0-8D11-00A0C91BC942}") = "3652 B-number", "3652 B-number\3652 B-number.vcxproj", "{42346017-85E5-4559-B266-0A1C0CB040C5}"
EndProject
Project("{8BC9CEB8-8B4A-11D0-8D11-00A0C91BC942}") = "4003 Find Metal Mineral", "4003 Find Metal Mineral\4003 Find Metal Mineral.vcxproj", "{623FF66C-32D4-4021-85B6-1AC765BE0974}"
EndProject
Project("{8BC9CEB8-8B4A-11D0-8D11-00A0C91BC942}") = "4352 XHXJ's LIS", "4352 XHXJ's LIS\4352 XHXJ's LIS.vcxproj", "{F0199EB1-2D5A-4BED-A339-D51710A54C86}"
EndProject
Project("{8BC9CEB8-8B4A-11D0-8D11-00A0C91BC942}") = "1269 迷宫城堡", "1269 迷宫城堡\1269 迷宫城堡.vcxproj", "{F3B3AFC9-8E01-41A4-87C3-15AE207DC440}"
EndProject
Project("{8BC9CEB8-8B4A-11D0-8D11-00A0C91BC942}") = "1827 Summer Holiday", "1827 Summer Holiday\1827 Summer Holiday.vcxproj", "{256651BF-5A1F-428C-A9C8-B179D1AD2EBC}"
EndProject
Project("{8BC9CEB8-8B4A-11D0-8D11-00A0C91BC942}") = "2586 How far away", "2586 How far away\2586 How far away.vcxproj", "{B4FC687C-928D-4A2C-8E71-FF55785305F7}"
EndProject
Project("{8BC9CEB8-8B4A-11D0-8D11-00A0C91BC942}") = "4514 湫湫系列故事——设计风景线", "4514 湫湫系列故事——设计风景线\4514 湫湫系列故事——设计风景线.vcxproj", "{1FC95817-A37B-4388-8CC8-575382EB5E7D}"
EndProject
Project("{8BC9CEB8-8B4A-11D0-8D11-00A0C91BC942}") = "4607 Park Visit", "4607 Park Visit\4607 Park Visit.vcxproj", "{DBBD8DD4-E954-43CB-B739-C51119216B18}"
EndProject
Project("{8BC9CEB8-8B4A-11D0-8D11-00A0C91BC942}") = "3072 Intelligence System", "3072 Intelligence System\3072 Intelligence System.vcxproj", "{E172D0D3-69F2-4000-AD7A-3BB356853AD2}"
EndProject
Project("{8BC9CEB8-8B4A-11D0-8D11-00A0C91BC942}") = "1166 敌兵布阵", "1166 敌兵布阵\1166 敌兵布阵.vcxproj", "{FD532809-8611-45D5-B8F1-EAC740D2B042}"
EndProject
Project("{8BC9CEB8-8B4A-11D0-8D11-00A0C91BC942}") = "1754 I Hate It", "1754 I Hate It\1754 I Hate It.vcxproj", "{0B419923-C800-4329-B5E5-35A300647978}"
EndProject
Project("{8BC9CEB8-8B4A-11D0-8D11-00A0C91BC942}") = "1394 Minimum Inversion Number", "1394 Minimum Inversion Number\1394 Minimum Inversion Number.vcxproj", "{8A7C29F3-DD88-4A1A-B90D-DE574645ADBA}"
EndProject
Project("{8BC9CEB8-8B4A-11D0-8D11-00A0C91BC942}") = "1698 Just a Hook", "1698 Just a Hook\1698 Just a Hook.vcxproj", "{3C4AD406-84F4-48B0-8AA5-64592F2B8AD0}"
EndProject
Project("{8BC9CEB8-8B4A-11D0-8D11-00A0C91BC942}") = "2795 Billboard", "2795 Billboard\2795 Billboard.vcxproj", "{485B7632-92A4-438F-B6C6-2C7E72759C92}"
EndProject
Project("{8BC9CEB8-8B4A-11D0-8D11-00A0C91BC942}") = "1789 Doing Homework again", "1789 Doing Homework again\1789 Doing Homework again.vcxproj", "{2910A316-8407-447F-8E8B-3C6AF9F7DBFE}"
EndProject
Project("{8BC9CEB8-8B4A-11D0-8D11-00A0C91BC942}") = "1050 Moving Tables", "1050 Moving Tables\1050 Moving Tables.vcxproj", "{A93F7C62-4D99-4F63-A587-301885FF9F10}"
EndProject
Project("{8BC9CEB8-8B4A-11D0-8D11-00A0C91BC942}") = "4547 CD操作", "4547 CD操作\4547 CD操作.vcxproj", "{37217886-CB10-4FDD-A6CD-78BE322B3BF8}"
EndProject
Project("{8BC9CEB8-8B4A-11D0-8D11-00A0C91BC942}") = "2874 Connections between cities", "2874 Connections between cities\2874 Connections between cities.vcxproj", "{499FA861-ACEB-4922-B841-8969A893D811}"
EndProject
Project("{8BC9CEB8-8B4A-11D0-8D11-00A0C91BC942}") = "1196 Lowest Bit", "1196 Lowest Bit\1196 Lowest Bit.vcxproj", "{C88CC34D-1442-49BC-A1D1-F474CF60180E}"
EndProject
Project("{8BC9CEB8-8B4A-11D0-8D11-00A0C91BC942}") = "4022 Bombing", "4022 Bombing\4022 Bombing.vcxproj", "{03E1210F-3C08-471D-A73E-54771F0440FA}"
EndProject
Project("{8BC9CEB8-8B4A-11D0-8D11-00A0C91BC942}") = "1199 Color the Ball", "1199 Color the Ball\1199 Color the Ball.vcxproj", "{C173B575-0124-43E9-A551-2F08F846CEB5}"
EndProject
Project("{8BC9CEB8-8B4A-11D0-8D11-00A0C91BC942}") = "1711 Number Sequence", "1711 Number Sequence\1711 Number Sequence.vcxproj", "{B552F1F1-E7DC-4AE3-B569-B1359DDFC9D1}"
EndProject
Project("{8BC9CEB8-8B4A-11D0-8D11-00A0C91BC942}") = "3336 Count the string", "3336 Count the string\3336 Count the string.vcxproj", "{02F0049E-22CC-45E1-836D-5CCA198603ED}"
EndProject
Project("{8BC9CEB8-8B4A-11D0-8D11-00A0C91BC942}") = "3460 Ancient Printer", "3460 Ancient Printer\3460 Ancient Printer.vcxproj", "{52BE5646-71B0-42C0-B212-87B4E785EECD}"
EndProject
Project("{8BC9CEB8-8B4A-11D0-8D11-00A0C91BC942}") = "5269 ZYB loves Xor I", "5269 ZYB loves Xor I\5269 ZYB loves Xor I.vcxproj", "{9A9C4E4A-A381-40A8-8931-57825FFFAFCF}"
EndProject
Project("{8BC9CEB8-8B4A-11D0-8D11-00A0C91BC942}") = "1576 A Divide B", "1576 A Divide B\1576 A Divide B.vcxproj", "{A0457BAF-8691-487B-BC60-9FBFA040AD12}"
EndProject
Project("{8BC9CEB8-8B4A-11D0-8D11-00A0C91BC942}") = "2955 Robberies", "2955 Robberies\2955 Robberies.vcxproj", "{B12DF003-6936-4CD8-857C-F28A0F286D35}"
EndProject
Project("{8BC9CEB8-8B4A-11D0-8D11-00A0C91BC942}") = "1231 最大连续子序列", "1231 最大连续子序列\1231 最大连续子序列.vcxproj", "{7A332671-5ACA-4E7B-8ED0-1845F918FC1F}"
EndProject
Project("{8BC9CEB8-8B4A-11D0-8D11-00A0C91BC942}") = "1506 Largest Rectangle in a Histogram", "1506 Largest Rectangle in a Histogram\1506 Largest Rectangle in a Histogram.vcxproj", "{AA78D824-5F6C-4703-87BC-F9EE9F233390}"
EndProject
Project("{8BC9CEB8-8B4A-11D0-8D11-00A0C91BC942}") = "2577 How to Type", "2577 How to Type\2577 How to Type.vcxproj", "{0D7902A4-CF95-4931-9470-869B808F494B}"
EndProject
Project("{8BC9CEB8-8B4A-11D0-8D11-00A0C91BC942}") = "2222 Keywords Search", "2222 Keywords Search\2222 Keywords Search.vcxproj", "{70AF7061-D36B-4318-92B8-EC0FA170D452}"
EndProject
Project("{8BC9CEB8-8B4A-11D0-8D11-00A0C91BC942}") = "1402 A × B Problem Plus", "1402 A × B Problem Plus\1402 A × B Problem Plus.vcxproj", "{9377C27F-4CB4-48B9-A42C-120475EB2F7F}"
EndProject
Project("{8BC9CEB8-8B4A-11D0-8D11-00A0C91BC942}") = "5571 tree", "5571 tree\5571 tree.vcxproj", "{5DB4641C-95C0-4205-B742-15121211A81F}"
EndProject
Project("{8BC9CEB8-8B4A-11D0-8D11-00A0C91BC942}") = "5227 Tom and game", "5227 Tom and game\5227 Tom and game.vcxproj", "{7A842D18-0A3E-4353-85F3-6EC23F8163EE}"
EndProject
Project("{8BC9CEB8-8B4A-11D0-8D11-00A0C91BC942}") = "2461 Rectangles", "2461 Rectangles\2461 Rectangles.vcxproj", "{3F96FAF2-BAF8-46A2-9A42-6813781CF038}"
EndProject
Project("{8BC9CEB8-8B4A-11D0-8D11-00A0C91BC942}") = "1695 GCD", "1695 GCD\1695 GCD.vcxproj", "{C0B0B82A-D954-4FEB-812E-20B96AF915BF}"
EndProject
Project("{8BC9CEB8-8B4A-11D0-8D11-00A0C91BC942}") = "4010 Query on The Trees", "4010 Query on The Trees\4010 Query on The Trees.vcxproj", "{5606CFB1-ED39-4D56-AEFD-A59FD0CA9329}"
EndProject
Project("{8BC9CEB8-8B4A-11D0-8D11-00A0C91BC942}") = "5398 GCD Tree", "5398 GCD Tree\5398 GCD Tree.vcxproj", "{1CE1F3E0-6C6B-450E-8692-9BA1B76F1ED6}"
EndProject
Project("{8BC9CEB8-8B4A-11D0-8D11-00A0C91BC942}") = "5140 Hun Gui Wei Company", "5140 Hun Gui Wei Company\5140 Hun Gui Wei Company.vcxproj", "{9F284572-BBFE-499E-B16F-D27107668313}"
EndProject
Project("{8BC9CEB8-8B4A-11D0-8D11-00A0C91BC942}") = "5126 stars", "5126 stars\5126 stars.vcxproj", "{BC1129EE-2C21-419F-9560-14B555288A92}"
EndProject
Global
	GlobalSection(SolutionConfigurationPlatforms) = preSolution
		Debug|x64 = Debug|x64
		Debug|x86 = Debug|x86
		Release|x64 = Release|x64
		Release|x86 = Release|x86
	EndGlobalSection
	GlobalSection(ProjectConfigurationPlatforms) = postSolution
		{6A9C8E78-1492-401D-98E5-95D4CA883175}.Debug|x64.ActiveCfg = Debug|x64
		{6A9C8E78-1492-401D-98E5-95D4CA883175}.Debug|x64.Build.0 = Debug|x64
		{6A9C8E78-1492-401D-98E5-95D4CA883175}.Debug|x86.ActiveCfg = Debug|Win32
		{6A9C8E78-1492-401D-98E5-95D4CA883175}.Debug|x86.Build.0 = Debug|Win32
		{6A9C8E78-1492-401D-98E5-95D4CA883175}.Release|x64.ActiveCfg = Release|x64
		{6A9C8E78-1492-401D-98E5-95D4CA883175}.Release|x64.Build.0 = Release|x64
		{6A9C8E78-1492-401D-98E5-95D4CA883175}.Release|x86.ActiveCfg = Release|Win32
		{6A9C8E78-1492-401D-98E5-95D4CA883175}.Release|x86.Build.0 = Release|Win32
		{9DD39073-8369-4802-9939-BC34AD0B5C81}.Debug|x64.ActiveCfg = Debug|x64
		{9DD39073-8369-4802-9939-BC34AD0B5C81}.Debug|x64.Build.0 = Debug|x64
		{9DD39073-8369-4802-9939-BC34AD0B5C81}.Debug|x86.ActiveCfg = Debug|Win32
		{9DD39073-8369-4802-9939-BC34AD0B5C81}.Debug|x86.Build.0 = Debug|Win32
		{9DD39073-8369-4802-9939-BC34AD0B5C81}.Release|x64.ActiveCfg = Release|x64
		{9DD39073-8369-4802-9939-BC34AD0B5C81}.Release|x64.Build.0 = Release|x64
		{9DD39073-8369-4802-9939-BC34AD0B5C81}.Release|x86.ActiveCfg = Release|Win32
		{9DD39073-8369-4802-9939-BC34AD0B5C81}.Release|x86.Build.0 = Release|Win32
		{C92A2A56-186C-4924-AB38-F9AED1C9BE8F}.Debug|x64.ActiveCfg = Debug|x64
		{C92A2A56-186C-4924-AB38-F9AED1C9BE8F}.Debug|x64.Build.0 = Debug|x64
		{C92A2A56-186C-4924-AB38-F9AED1C9BE8F}.Debug|x86.ActiveCfg = Debug|Win32
		{C92A2A56-186C-4924-AB38-F9AED1C9BE8F}.Debug|x86.Build.0 = Debug|Win32
		{C92A2A56-186C-4924-AB38-F9AED1C9BE8F}.Release|x64.ActiveCfg = Release|x64
		{C92A2A56-186C-4924-AB38-F9AED1C9BE8F}.Release|x64.Build.0 = Release|x64
		{C92A2A56-186C-4924-AB38-F9AED1C9BE8F}.Release|x86.ActiveCfg = Release|Win32
		{C92A2A56-186C-4924-AB38-F9AED1C9BE8F}.Release|x86.Build.0 = Release|Win32
		{53945071-0B7E-4EAE-86D0-10D3E4E7F9C4}.Debug|x64.ActiveCfg = Debug|x64
		{53945071-0B7E-4EAE-86D0-10D3E4E7F9C4}.Debug|x64.Build.0 = Debug|x64
		{53945071-0B7E-4EAE-86D0-10D3E4E7F9C4}.Debug|x86.ActiveCfg = Debug|Win32
		{53945071-0B7E-4EAE-86D0-10D3E4E7F9C4}.Debug|x86.Build.0 = Debug|Win32
		{53945071-0B7E-4EAE-86D0-10D3E4E7F9C4}.Release|x64.ActiveCfg = Release|x64
		{53945071-0B7E-4EAE-86D0-10D3E4E7F9C4}.Release|x64.Build.0 = Release|x64
		{53945071-0B7E-4EAE-86D0-10D3E4E7F9C4}.Release|x86.ActiveCfg = Release|Win32
		{53945071-0B7E-4EAE-86D0-10D3E4E7F9C4}.Release|x86.Build.0 = Release|Win32
		{E9D42933-3428-4222-8B49-AB26C0F96522}.Debug|x64.ActiveCfg = Debug|x64
		{E9D42933-3428-4222-8B49-AB26C0F96522}.Debug|x64.Build.0 = Debug|x64
		{E9D42933-3428-4222-8B49-AB26C0F96522}.Debug|x86.ActiveCfg = Debug|Win32
		{E9D42933-3428-4222-8B49-AB26C0F96522}.Debug|x86.Build.0 = Debug|Win32
		{E9D42933-3428-4222-8B49-AB26C0F96522}.Release|x64.ActiveCfg = Release|x64
		{E9D42933-3428-4222-8B49-AB26C0F96522}.Release|x64.Build.0 = Release|x64
		{E9D42933-3428-4222-8B49-AB26C0F96522}.Release|x86.ActiveCfg = Release|Win32
		{E9D42933-3428-4222-8B49-AB26C0F96522}.Release|x86.Build.0 = Release|Win32
		{5B343C0B-48CB-4774-BC2E-A495AC2E7C54}.Debug|x64.ActiveCfg = Debug|x64
		{5B343C0B-48CB-4774-BC2E-A495AC2E7C54}.Debug|x64.Build.0 = Debug|x64
		{5B343C0B-48CB-4774-BC2E-A495AC2E7C54}.Debug|x86.ActiveCfg = Debug|Win32
		{5B343C0B-48CB-4774-BC2E-A495AC2E7C54}.Debug|x86.Build.0 = Debug|Win32
		{5B343C0B-48CB-4774-BC2E-A495AC2E7C54}.Release|x64.ActiveCfg = Release|x64
		{5B343C0B-48CB-4774-BC2E-A495AC2E7C54}.Release|x64.Build.0 = Release|x64
		{5B343C0B-48CB-4774-BC2E-A495AC2E7C54}.Release|x86.ActiveCfg = Release|Win32
		{5B343C0B-48CB-4774-BC2E-A495AC2E7C54}.Release|x86.Build.0 = Release|Win32
		{5F726D8B-C00A-401F-B32D-51821C72E268}.Debug|x64.ActiveCfg = Debug|x64
		{5F726D8B-C00A-401F-B32D-51821C72E268}.Debug|x64.Build.0 = Debug|x64
		{5F726D8B-C00A-401F-B32D-51821C72E268}.Debug|x86.ActiveCfg = Debug|Win32
		{5F726D8B-C00A-401F-B32D-51821C72E268}.Debug|x86.Build.0 = Debug|Win32
		{5F726D8B-C00A-401F-B32D-51821C72E268}.Release|x64.ActiveCfg = Release|x64
		{5F726D8B-C00A-401F-B32D-51821C72E268}.Release|x64.Build.0 = Release|x64
		{5F726D8B-C00A-401F-B32D-51821C72E268}.Release|x86.ActiveCfg = Release|Win32
		{5F726D8B-C00A-401F-B32D-51821C72E268}.Release|x86.Build.0 = Release|Win32
		{A137DBFF-71DC-47F9-86B3-6E419025579E}.Debug|x64.ActiveCfg = Debug|x64
		{A137DBFF-71DC-47F9-86B3-6E419025579E}.Debug|x64.Build.0 = Debug|x64
		{A137DBFF-71DC-47F9-86B3-6E419025579E}.Debug|x86.ActiveCfg = Debug|Win32
		{A137DBFF-71DC-47F9-86B3-6E419025579E}.Debug|x86.Build.0 = Debug|Win32
		{A137DBFF-71DC-47F9-86B3-6E419025579E}.Release|x64.ActiveCfg = Release|x64
		{A137DBFF-71DC-47F9-86B3-6E419025579E}.Release|x64.Build.0 = Release|x64
		{A137DBFF-71DC-47F9-86B3-6E419025579E}.Release|x86.ActiveCfg = Release|Win32
		{A137DBFF-71DC-47F9-86B3-6E419025579E}.Release|x86.Build.0 = Release|Win32
		{C5FE9D12-7804-46E6-94EB-78502A20AA44}.Debug|x64.ActiveCfg = Debug|x64
		{C5FE9D12-7804-46E6-94EB-78502A20AA44}.Debug|x64.Build.0 = Debug|x64
		{C5FE9D12-7804-46E6-94EB-78502A20AA44}.Debug|x86.ActiveCfg = Debug|Win32
		{C5FE9D12-7804-46E6-94EB-78502A20AA44}.Debug|x86.Build.0 = Debug|Win32
		{C5FE9D12-7804-46E6-94EB-78502A20AA44}.Release|x64.ActiveCfg = Release|x64
		{C5FE9D12-7804-46E6-94EB-78502A20AA44}.Release|x64.Build.0 = Release|x64
		{C5FE9D12-7804-46E6-94EB-78502A20AA44}.Release|x86.ActiveCfg = Release|Win32
		{C5FE9D12-7804-46E6-94EB-78502A20AA44}.Release|x86.Build.0 = Release|Win32
		{2696403F-B3A1-4861-AEE3-79E6CD5555AE}.Debug|x64.ActiveCfg = Debug|x64
		{2696403F-B3A1-4861-AEE3-79E6CD5555AE}.Debug|x64.Build.0 = Debug|x64
		{2696403F-B3A1-4861-AEE3-79E6CD5555AE}.Debug|x86.ActiveCfg = Debug|Win32
		{2696403F-B3A1-4861-AEE3-79E6CD5555AE}.Debug|x86.Build.0 = Debug|Win32
		{2696403F-B3A1-4861-AEE3-79E6CD5555AE}.Release|x64.ActiveCfg = Release|x64
		{2696403F-B3A1-4861-AEE3-79E6CD5555AE}.Release|x64.Build.0 = Release|x64
		{2696403F-B3A1-4861-AEE3-79E6CD5555AE}.Release|x86.ActiveCfg = Release|Win32
		{2696403F-B3A1-4861-AEE3-79E6CD5555AE}.Release|x86.Build.0 = Release|Win32
		{BD8BB870-7ACA-49BC-8152-C796A0FD9788}.Debug|x64.ActiveCfg = Debug|x64
		{BD8BB870-7ACA-49BC-8152-C796A0FD9788}.Debug|x64.Build.0 = Debug|x64
		{BD8BB870-7ACA-49BC-8152-C796A0FD9788}.Debug|x86.ActiveCfg = Debug|Win32
		{BD8BB870-7ACA-49BC-8152-C796A0FD9788}.Debug|x86.Build.0 = Debug|Win32
		{BD8BB870-7ACA-49BC-8152-C796A0FD9788}.Release|x64.ActiveCfg = Release|x64
		{BD8BB870-7ACA-49BC-8152-C796A0FD9788}.Release|x64.Build.0 = Release|x64
		{BD8BB870-7ACA-49BC-8152-C796A0FD9788}.Release|x86.ActiveCfg = Release|Win32
		{BD8BB870-7ACA-49BC-8152-C796A0FD9788}.Release|x86.Build.0 = Release|Win32
		{5CD2EE65-8889-485D-B733-87B4C20BBD74}.Debug|x64.ActiveCfg = Debug|x64
		{5CD2EE65-8889-485D-B733-87B4C20BBD74}.Debug|x64.Build.0 = Debug|x64
		{5CD2EE65-8889-485D-B733-87B4C20BBD74}.Debug|x86.ActiveCfg = Debug|Win32
		{5CD2EE65-8889-485D-B733-87B4C20BBD74}.Debug|x86.Build.0 = Debug|Win32
		{5CD2EE65-8889-485D-B733-87B4C20BBD74}.Release|x64.ActiveCfg = Release|x64
		{5CD2EE65-8889-485D-B733-87B4C20BBD74}.Release|x64.Build.0 = Release|x64
		{5CD2EE65-8889-485D-B733-87B4C20BBD74}.Release|x86.ActiveCfg = Release|Win32
		{5CD2EE65-8889-485D-B733-87B4C20BBD74}.Release|x86.Build.0 = Release|Win32
		{1F465DB2-7192-45FC-B869-A8CAF8745C4F}.Debug|x64.ActiveCfg = Debug|x64
		{1F465DB2-7192-45FC-B869-A8CAF8745C4F}.Debug|x64.Build.0 = Debug|x64
		{1F465DB2-7192-45FC-B869-A8CAF8745C4F}.Debug|x86.ActiveCfg = Debug|Win32
		{1F465DB2-7192-45FC-B869-A8CAF8745C4F}.Debug|x86.Build.0 = Debug|Win32
		{1F465DB2-7192-45FC-B869-A8CAF8745C4F}.Release|x64.ActiveCfg = Release|x64
		{1F465DB2-7192-45FC-B869-A8CAF8745C4F}.Release|x64.Build.0 = Release|x64
		{1F465DB2-7192-45FC-B869-A8CAF8745C4F}.Release|x86.ActiveCfg = Release|Win32
		{1F465DB2-7192-45FC-B869-A8CAF8745C4F}.Release|x86.Build.0 = Release|Win32
		{783109AB-F919-4B07-A044-27CDB35B3177}.Debug|x64.ActiveCfg = Debug|x64
		{783109AB-F919-4B07-A044-27CDB35B3177}.Debug|x64.Build.0 = Debug|x64
		{783109AB-F919-4B07-A044-27CDB35B3177}.Debug|x86.ActiveCfg = Debug|Win32
		{783109AB-F919-4B07-A044-27CDB35B3177}.Debug|x86.Build.0 = Debug|Win32
		{783109AB-F919-4B07-A044-27CDB35B3177}.Release|x64.ActiveCfg = Release|x64
		{783109AB-F919-4B07-A044-27CDB35B3177}.Release|x64.Build.0 = Release|x64
		{783109AB-F919-4B07-A044-27CDB35B3177}.Release|x86.ActiveCfg = Release|Win32
		{783109AB-F919-4B07-A044-27CDB35B3177}.Release|x86.Build.0 = Release|Win32
		{3968E030-D873-4C7B-91F9-ED80533954E0}.Debug|x64.ActiveCfg = Debug|x64
		{3968E030-D873-4C7B-91F9-ED80533954E0}.Debug|x64.Build.0 = Debug|x64
		{3968E030-D873-4C7B-91F9-ED80533954E0}.Debug|x86.ActiveCfg = Debug|Win32
		{3968E030-D873-4C7B-91F9-ED80533954E0}.Debug|x86.Build.0 = Debug|Win32
		{3968E030-D873-4C7B-91F9-ED80533954E0}.Release|x64.ActiveCfg = Release|x64
		{3968E030-D873-4C7B-91F9-ED80533954E0}.Release|x64.Build.0 = Release|x64
		{3968E030-D873-4C7B-91F9-ED80533954E0}.Release|x86.ActiveCfg = Release|Win32
		{3968E030-D873-4C7B-91F9-ED80533954E0}.Release|x86.Build.0 = Release|Win32
		{D454B1C1-23DF-43B6-9E22-DC73EABBB23B}.Debug|x64.ActiveCfg = Debug|x64
		{D454B1C1-23DF-43B6-9E22-DC73EABBB23B}.Debug|x64.Build.0 = Debug|x64
		{D454B1C1-23DF-43B6-9E22-DC73EABBB23B}.Debug|x86.ActiveCfg = Debug|Win32
		{D454B1C1-23DF-43B6-9E22-DC73EABBB23B}.Debug|x86.Build.0 = Debug|Win32
		{D454B1C1-23DF-43B6-9E22-DC73EABBB23B}.Release|x64.ActiveCfg = Release|x64
		{D454B1C1-23DF-43B6-9E22-DC73EABBB23B}.Release|x64.Build.0 = Release|x64
		{D454B1C1-23DF-43B6-9E22-DC73EABBB23B}.Release|x86.ActiveCfg = Release|Win32
		{D454B1C1-23DF-43B6-9E22-DC73EABBB23B}.Release|x86.Build.0 = Release|Win32
		{AA3A4D05-F2F0-45D2-B49E-B827F1B1F8DC}.Debug|x64.ActiveCfg = Debug|x64
		{AA3A4D05-F2F0-45D2-B49E-B827F1B1F8DC}.Debug|x64.Build.0 = Debug|x64
		{AA3A4D05-F2F0-45D2-B49E-B827F1B1F8DC}.Debug|x86.ActiveCfg = Debug|Win32
		{AA3A4D05-F2F0-45D2-B49E-B827F1B1F8DC}.Debug|x86.Build.0 = Debug|Win32
		{AA3A4D05-F2F0-45D2-B49E-B827F1B1F8DC}.Release|x64.ActiveCfg = Release|x64
		{AA3A4D05-F2F0-45D2-B49E-B827F1B1F8DC}.Release|x64.Build.0 = Release|x64
		{AA3A4D05-F2F0-45D2-B49E-B827F1B1F8DC}.Release|x86.ActiveCfg = Release|Win32
		{AA3A4D05-F2F0-45D2-B49E-B827F1B1F8DC}.Release|x86.Build.0 = Release|Win32
		{59F0BACB-A45C-404C-AC28-5B8D1E03197B}.Debug|x64.ActiveCfg = Debug|x64
		{59F0BACB-A45C-404C-AC28-5B8D1E03197B}.Debug|x64.Build.0 = Debug|x64
		{59F0BACB-A45C-404C-AC28-5B8D1E03197B}.Debug|x86.ActiveCfg = Debug|Win32
		{59F0BACB-A45C-404C-AC28-5B8D1E03197B}.Debug|x86.Build.0 = Debug|Win32
		{59F0BACB-A45C-404C-AC28-5B8D1E03197B}.Release|x64.ActiveCfg = Release|x64
		{59F0BACB-A45C-404C-AC28-5B8D1E03197B}.Release|x64.Build.0 = Release|x64
		{59F0BACB-A45C-404C-AC28-5B8D1E03197B}.Release|x86.ActiveCfg = Release|Win32
		{59F0BACB-A45C-404C-AC28-5B8D1E03197B}.Release|x86.Build.0 = Release|Win32
		{5BC267D3-17F9-40CF-8DB9-14FB6EC55849}.Debug|x64.ActiveCfg = Debug|x64
		{5BC267D3-17F9-40CF-8DB9-14FB6EC55849}.Debug|x64.Build.0 = Debug|x64
		{5BC267D3-17F9-40CF-8DB9-14FB6EC55849}.Debug|x86.ActiveCfg = Debug|Win32
		{5BC267D3-17F9-40CF-8DB9-14FB6EC55849}.Debug|x86.Build.0 = Debug|Win32
		{5BC267D3-17F9-40CF-8DB9-14FB6EC55849}.Release|x64.ActiveCfg = Release|x64
		{5BC267D3-17F9-40CF-8DB9-14FB6EC55849}.Release|x64.Build.0 = Release|x64
		{5BC267D3-17F9-40CF-8DB9-14FB6EC55849}.Release|x86.ActiveCfg = Release|Win32
		{5BC267D3-17F9-40CF-8DB9-14FB6EC55849}.Release|x86.Build.0 = Release|Win32
		{886A234A-F953-404C-B0D0-83916960E133}.Debug|x64.ActiveCfg = Debug|x64
		{886A234A-F953-404C-B0D0-83916960E133}.Debug|x64.Build.0 = Debug|x64
		{886A234A-F953-404C-B0D0-83916960E133}.Debug|x86.ActiveCfg = Debug|Win32
		{886A234A-F953-404C-B0D0-83916960E133}.Debug|x86.Build.0 = Debug|Win32
		{886A234A-F953-404C-B0D0-83916960E133}.Release|x64.ActiveCfg = Release|x64
		{886A234A-F953-404C-B0D0-83916960E133}.Release|x64.Build.0 = Release|x64
		{886A234A-F953-404C-B0D0-83916960E133}.Release|x86.ActiveCfg = Release|Win32
		{886A234A-F953-404C-B0D0-83916960E133}.Release|x86.Build.0 = Release|Win32
		{4695FC54-0205-4649-8718-E457DB6D4A4B}.Debug|x64.ActiveCfg = Debug|x64
		{4695FC54-0205-4649-8718-E457DB6D4A4B}.Debug|x64.Build.0 = Debug|x64
		{4695FC54-0205-4649-8718-E457DB6D4A4B}.Debug|x86.ActiveCfg = Debug|Win32
		{4695FC54-0205-4649-8718-E457DB6D4A4B}.Debug|x86.Build.0 = Debug|Win32
		{4695FC54-0205-4649-8718-E457DB6D4A4B}.Release|x64.ActiveCfg = Release|x64
		{4695FC54-0205-4649-8718-E457DB6D4A4B}.Release|x64.Build.0 = Release|x64
		{4695FC54-0205-4649-8718-E457DB6D4A4B}.Release|x86.ActiveCfg = Release|Win32
		{4695FC54-0205-4649-8718-E457DB6D4A4B}.Release|x86.Build.0 = Release|Win32
		{EDE0523E-4B47-4974-A588-A1865387A419}.Debug|x64.ActiveCfg = Debug|x64
		{EDE0523E-4B47-4974-A588-A1865387A419}.Debug|x64.Build.0 = Debug|x64
		{EDE0523E-4B47-4974-A588-A1865387A419}.Debug|x86.ActiveCfg = Debug|Win32
		{EDE0523E-4B47-4974-A588-A1865387A419}.Debug|x86.Build.0 = Debug|Win32
		{EDE0523E-4B47-4974-A588-A1865387A419}.Release|x64.ActiveCfg = Release|x64
		{EDE0523E-4B47-4974-A588-A1865387A419}.Release|x64.Build.0 = Release|x64
		{EDE0523E-4B47-4974-A588-A1865387A419}.Release|x86.ActiveCfg = Release|Win32
		{EDE0523E-4B47-4974-A588-A1865387A419}.Release|x86.Build.0 = Release|Win32
		{EBBEBE6D-E180-4CF5-BE85-3BD3F243DF1D}.Debug|x64.ActiveCfg = Debug|x64
		{EBBEBE6D-E180-4CF5-BE85-3BD3F243DF1D}.Debug|x64.Build.0 = Debug|x64
		{EBBEBE6D-E180-4CF5-BE85-3BD3F243DF1D}.Debug|x86.ActiveCfg = Debug|Win32
		{EBBEBE6D-E180-4CF5-BE85-3BD3F243DF1D}.Debug|x86.Build.0 = Debug|Win32
		{EBBEBE6D-E180-4CF5-BE85-3BD3F243DF1D}.Release|x64.ActiveCfg = Release|x64
		{EBBEBE6D-E180-4CF5-BE85-3BD3F243DF1D}.Release|x64.Build.0 = Release|x64
		{EBBEBE6D-E180-4CF5-BE85-3BD3F243DF1D}.Release|x86.ActiveCfg = Release|Win32
		{EBBEBE6D-E180-4CF5-BE85-3BD3F243DF1D}.Release|x86.Build.0 = Release|Win32
		{42346017-85E5-4559-B266-0A1C0CB040C5}.Debug|x64.ActiveCfg = Debug|x64
		{42346017-85E5-4559-B266-0A1C0CB040C5}.Debug|x64.Build.0 = Debug|x64
		{42346017-85E5-4559-B266-0A1C0CB040C5}.Debug|x86.ActiveCfg = Debug|Win32
		{42346017-85E5-4559-B266-0A1C0CB040C5}.Debug|x86.Build.0 = Debug|Win32
		{42346017-85E5-4559-B266-0A1C0CB040C5}.Release|x64.ActiveCfg = Release|x64
		{42346017-85E5-4559-B266-0A1C0CB040C5}.Release|x64.Build.0 = Release|x64
		{42346017-85E5-4559-B266-0A1C0CB040C5}.Release|x86.ActiveCfg = Release|Win32
		{42346017-85E5-4559-B266-0A1C0CB040C5}.Release|x86.Build.0 = Release|Win32
		{623FF66C-32D4-4021-85B6-1AC765BE0974}.Debug|x64.ActiveCfg = Debug|x64
		{623FF66C-32D4-4021-85B6-1AC765BE0974}.Debug|x64.Build.0 = Debug|x64
		{623FF66C-32D4-4021-85B6-1AC765BE0974}.Debug|x86.ActiveCfg = Debug|Win32
		{623FF66C-32D4-4021-85B6-1AC765BE0974}.Debug|x86.Build.0 = Debug|Win32
		{623FF66C-32D4-4021-85B6-1AC765BE0974}.Release|x64.ActiveCfg = Release|x64
		{623FF66C-32D4-4021-85B6-1AC765BE0974}.Release|x64.Build.0 = Release|x64
		{623FF66C-32D4-4021-85B6-1AC765BE0974}.Release|x86.ActiveCfg = Release|Win32
		{623FF66C-32D4-4021-85B6-1AC765BE0974}.Release|x86.Build.0 = Release|Win32
		{F0199EB1-2D5A-4BED-A339-D51710A54C86}.Debug|x64.ActiveCfg = Debug|x64
		{F0199EB1-2D5A-4BED-A339-D51710A54C86}.Debug|x64.Build.0 = Debug|x64
		{F0199EB1-2D5A-4BED-A339-D51710A54C86}.Debug|x86.ActiveCfg = Debug|Win32
		{F0199EB1-2D5A-4BED-A339-D51710A54C86}.Debug|x86.Build.0 = Debug|Win32
		{F0199EB1-2D5A-4BED-A339-D51710A54C86}.Release|x64.ActiveCfg = Release|x64
		{F0199EB1-2D5A-4BED-A339-D51710A54C86}.Release|x64.Build.0 = Release|x64
		{F0199EB1-2D5A-4BED-A339-D51710A54C86}.Release|x86.ActiveCfg = Release|Win32
		{F0199EB1-2D5A-4BED-A339-D51710A54C86}.Release|x86.Build.0 = Release|Win32
		{F3B3AFC9-8E01-41A4-87C3-15AE207DC440}.Debug|x64.ActiveCfg = Debug|x64
		{F3B3AFC9-8E01-41A4-87C3-15AE207DC440}.Debug|x64.Build.0 = Debug|x64
		{F3B3AFC9-8E01-41A4-87C3-15AE207DC440}.Debug|x86.ActiveCfg = Debug|Win32
		{F3B3AFC9-8E01-41A4-87C3-15AE207DC440}.Debug|x86.Build.0 = Debug|Win32
		{F3B3AFC9-8E01-41A4-87C3-15AE207DC440}.Release|x64.ActiveCfg = Release|x64
		{F3B3AFC9-8E01-41A4-87C3-15AE207DC440}.Release|x64.Build.0 = Release|x64
		{F3B3AFC9-8E01-41A4-87C3-15AE207DC440}.Release|x86.ActiveCfg = Release|Win32
		{F3B3AFC9-8E01-41A4-87C3-15AE207DC440}.Release|x86.Build.0 = Release|Win32
		{256651BF-5A1F-428C-A9C8-B179D1AD2EBC}.Debug|x64.ActiveCfg = Debug|x64
		{256651BF-5A1F-428C-A9C8-B179D1AD2EBC}.Debug|x64.Build.0 = Debug|x64
		{256651BF-5A1F-428C-A9C8-B179D1AD2EBC}.Debug|x86.ActiveCfg = Debug|Win32
		{256651BF-5A1F-428C-A9C8-B179D1AD2EBC}.Debug|x86.Build.0 = Debug|Win32
		{256651BF-5A1F-428C-A9C8-B179D1AD2EBC}.Release|x64.ActiveCfg = Release|x64
		{256651BF-5A1F-428C-A9C8-B179D1AD2EBC}.Release|x64.Build.0 = Release|x64
		{256651BF-5A1F-428C-A9C8-B179D1AD2EBC}.Release|x86.ActiveCfg = Release|Win32
		{256651BF-5A1F-428C-A9C8-B179D1AD2EBC}.Release|x86.Build.0 = Release|Win32
		{B4FC687C-928D-4A2C-8E71-FF55785305F7}.Debug|x64.ActiveCfg = Debug|x64
		{B4FC687C-928D-4A2C-8E71-FF55785305F7}.Debug|x64.Build.0 = Debug|x64
		{B4FC687C-928D-4A2C-8E71-FF55785305F7}.Debug|x86.ActiveCfg = Debug|Win32
		{B4FC687C-928D-4A2C-8E71-FF55785305F7}.Debug|x86.Build.0 = Debug|Win32
		{B4FC687C-928D-4A2C-8E71-FF55785305F7}.Release|x64.ActiveCfg = Release|x64
		{B4FC687C-928D-4A2C-8E71-FF55785305F7}.Release|x64.Build.0 = Release|x64
		{B4FC687C-928D-4A2C-8E71-FF55785305F7}.Release|x86.ActiveCfg = Release|Win32
		{B4FC687C-928D-4A2C-8E71-FF55785305F7}.Release|x86.Build.0 = Release|Win32
		{1FC95817-A37B-4388-8CC8-575382EB5E7D}.Debug|x64.ActiveCfg = Debug|x64
		{1FC95817-A37B-4388-8CC8-575382EB5E7D}.Debug|x64.Build.0 = Debug|x64
		{1FC95817-A37B-4388-8CC8-575382EB5E7D}.Debug|x86.ActiveCfg = Debug|Win32
		{1FC95817-A37B-4388-8CC8-575382EB5E7D}.Debug|x86.Build.0 = Debug|Win32
		{1FC95817-A37B-4388-8CC8-575382EB5E7D}.Release|x64.ActiveCfg = Release|x64
		{1FC95817-A37B-4388-8CC8-575382EB5E7D}.Release|x64.Build.0 = Release|x64
		{1FC95817-A37B-4388-8CC8-575382EB5E7D}.Release|x86.ActiveCfg = Release|Win32
		{1FC95817-A37B-4388-8CC8-575382EB5E7D}.Release|x86.Build.0 = Release|Win32
		{DBBD8DD4-E954-43CB-B739-C51119216B18}.Debug|x64.ActiveCfg = Debug|x64
		{DBBD8DD4-E954-43CB-B739-C51119216B18}.Debug|x64.Build.0 = Debug|x64
		{DBBD8DD4-E954-43CB-B739-C51119216B18}.Debug|x86.ActiveCfg = Debug|Win32
		{DBBD8DD4-E954-43CB-B739-C51119216B18}.Debug|x86.Build.0 = Debug|Win32
		{DBBD8DD4-E954-43CB-B739-C51119216B18}.Release|x64.ActiveCfg = Release|x64
		{DBBD8DD4-E954-43CB-B739-C51119216B18}.Release|x64.Build.0 = Release|x64
		{DBBD8DD4-E954-43CB-B739-C51119216B18}.Release|x86.ActiveCfg = Release|Win32
		{DBBD8DD4-E954-43CB-B739-C51119216B18}.Release|x86.Build.0 = Release|Win32
		{E172D0D3-69F2-4000-AD7A-3BB356853AD2}.Debug|x64.ActiveCfg = Debug|x64
		{E172D0D3-69F2-4000-AD7A-3BB356853AD2}.Debug|x64.Build.0 = Debug|x64
		{E172D0D3-69F2-4000-AD7A-3BB356853AD2}.Debug|x86.ActiveCfg = Debug|Win32
		{E172D0D3-69F2-4000-AD7A-3BB356853AD2}.Debug|x86.Build.0 = Debug|Win32
		{E172D0D3-69F2-4000-AD7A-3BB356853AD2}.Release|x64.ActiveCfg = Release|x64
		{E172D0D3-69F2-4000-AD7A-3BB356853AD2}.Release|x64.Build.0 = Release|x64
		{E172D0D3-69F2-4000-AD7A-3BB356853AD2}.Release|x86.ActiveCfg = Release|Win32
		{E172D0D3-69F2-4000-AD7A-3BB356853AD2}.Release|x86.Build.0 = Release|Win32
		{FD532809-8611-45D5-B8F1-EAC740D2B042}.Debug|x64.ActiveCfg = Debug|x64
		{FD532809-8611-45D5-B8F1-EAC740D2B042}.Debug|x64.Build.0 = Debug|x64
		{FD532809-8611-45D5-B8F1-EAC740D2B042}.Debug|x86.ActiveCfg = Debug|Win32
		{FD532809-8611-45D5-B8F1-EAC740D2B042}.Debug|x86.Build.0 = Debug|Win32
		{FD532809-8611-45D5-B8F1-EAC740D2B042}.Release|x64.ActiveCfg = Release|x64
		{FD532809-8611-45D5-B8F1-EAC740D2B042}.Release|x64.Build.0 = Release|x64
		{FD532809-8611-45D5-B8F1-EAC740D2B042}.Release|x86.ActiveCfg = Release|Win32
		{FD532809-8611-45D5-B8F1-EAC740D2B042}.Release|x86.Build.0 = Release|Win32
		{0B419923-C800-4329-B5E5-35A300647978}.Debug|x64.ActiveCfg = Debug|x64
		{0B419923-C800-4329-B5E5-35A300647978}.Debug|x64.Build.0 = Debug|x64
		{0B419923-C800-4329-B5E5-35A300647978}.Debug|x86.ActiveCfg = Debug|Win32
		{0B419923-C800-4329-B5E5-35A300647978}.Debug|x86.Build.0 = Debug|Win32
		{0B419923-C800-4329-B5E5-35A300647978}.Release|x64.ActiveCfg = Release|x64
		{0B419923-C800-4329-B5E5-35A300647978}.Release|x64.Build.0 = Release|x64
		{0B419923-C800-4329-B5E5-35A300647978}.Release|x86.ActiveCfg = Release|Win32
		{0B419923-C800-4329-B5E5-35A300647978}.Release|x86.Build.0 = Release|Win32
		{8A7C29F3-DD88-4A1A-B90D-DE574645ADBA}.Debug|x64.ActiveCfg = Debug|x64
		{8A7C29F3-DD88-4A1A-B90D-DE574645ADBA}.Debug|x64.Build.0 = Debug|x64
		{8A7C29F3-DD88-4A1A-B90D-DE574645ADBA}.Debug|x86.ActiveCfg = Debug|Win32
		{8A7C29F3-DD88-4A1A-B90D-DE574645ADBA}.Debug|x86.Build.0 = Debug|Win32
		{8A7C29F3-DD88-4A1A-B90D-DE574645ADBA}.Release|x64.ActiveCfg = Release|x64
		{8A7C29F3-DD88-4A1A-B90D-DE574645ADBA}.Release|x64.Build.0 = Release|x64
		{8A7C29F3-DD88-4A1A-B90D-DE574645ADBA}.Release|x86.ActiveCfg = Release|Win32
		{8A7C29F3-DD88-4A1A-B90D-DE574645ADBA}.Release|x86.Build.0 = Release|Win32
		{3C4AD406-84F4-48B0-8AA5-64592F2B8AD0}.Debug|x64.ActiveCfg = Debug|x64
		{3C4AD406-84F4-48B0-8AA5-64592F2B8AD0}.Debug|x64.Build.0 = Debug|x64
		{3C4AD406-84F4-48B0-8AA5-64592F2B8AD0}.Debug|x86.ActiveCfg = Debug|Win32
		{3C4AD406-84F4-48B0-8AA5-64592F2B8AD0}.Debug|x86.Build.0 = Debug|Win32
		{3C4AD406-84F4-48B0-8AA5-64592F2B8AD0}.Release|x64.ActiveCfg = Release|x64
		{3C4AD406-84F4-48B0-8AA5-64592F2B8AD0}.Release|x64.Build.0 = Release|x64
		{3C4AD406-84F4-48B0-8AA5-64592F2B8AD0}.Release|x86.ActiveCfg = Release|Win32
		{3C4AD406-84F4-48B0-8AA5-64592F2B8AD0}.Release|x86.Build.0 = Release|Win32
		{485B7632-92A4-438F-B6C6-2C7E72759C92}.Debug|x64.ActiveCfg = Debug|x64
		{485B7632-92A4-438F-B6C6-2C7E72759C92}.Debug|x64.Build.0 = Debug|x64
		{485B7632-92A4-438F-B6C6-2C7E72759C92}.Debug|x86.ActiveCfg = Debug|Win32
		{485B7632-92A4-438F-B6C6-2C7E72759C92}.Debug|x86.Build.0 = Debug|Win32
		{485B7632-92A4-438F-B6C6-2C7E72759C92}.Release|x64.ActiveCfg = Release|x64
		{485B7632-92A4-438F-B6C6-2C7E72759C92}.Release|x64.Build.0 = Release|x64
		{485B7632-92A4-438F-B6C6-2C7E72759C92}.Release|x86.ActiveCfg = Release|Win32
		{485B7632-92A4-438F-B6C6-2C7E72759C92}.Release|x86.Build.0 = Release|Win32
		{2910A316-8407-447F-8E8B-3C6AF9F7DBFE}.Debug|x64.ActiveCfg = Debug|x64
		{2910A316-8407-447F-8E8B-3C6AF9F7DBFE}.Debug|x64.Build.0 = Debug|x64
		{2910A316-8407-447F-8E8B-3C6AF9F7DBFE}.Debug|x86.ActiveCfg = Debug|Win32
		{2910A316-8407-447F-8E8B-3C6AF9F7DBFE}.Debug|x86.Build.0 = Debug|Win32
		{2910A316-8407-447F-8E8B-3C6AF9F7DBFE}.Release|x64.ActiveCfg = Release|x64
		{2910A316-8407-447F-8E8B-3C6AF9F7DBFE}.Release|x64.Build.0 = Release|x64
		{2910A316-8407-447F-8E8B-3C6AF9F7DBFE}.Release|x86.ActiveCfg = Release|Win32
		{2910A316-8407-447F-8E8B-3C6AF9F7DBFE}.Release|x86.Build.0 = Release|Win32
		{A93F7C62-4D99-4F63-A587-301885FF9F10}.Debug|x64.ActiveCfg = Debug|x64
		{A93F7C62-4D99-4F63-A587-301885FF9F10}.Debug|x64.Build.0 = Debug|x64
		{A93F7C62-4D99-4F63-A587-301885FF9F10}.Debug|x86.ActiveCfg = Debug|Win32
		{A93F7C62-4D99-4F63-A587-301885FF9F10}.Debug|x86.Build.0 = Debug|Win32
		{A93F7C62-4D99-4F63-A587-301885FF9F10}.Release|x64.ActiveCfg = Release|x64
		{A93F7C62-4D99-4F63-A587-301885FF9F10}.Release|x64.Build.0 = Release|x64
		{A93F7C62-4D99-4F63-A587-301885FF9F10}.Release|x86.ActiveCfg = Release|Win32
		{A93F7C62-4D99-4F63-A587-301885FF9F10}.Release|x86.Build.0 = Release|Win32
		{37217886-CB10-4FDD-A6CD-78BE322B3BF8}.Debug|x64.ActiveCfg = Debug|x64
		{37217886-CB10-4FDD-A6CD-78BE322B3BF8}.Debug|x64.Build.0 = Debug|x64
		{37217886-CB10-4FDD-A6CD-78BE322B3BF8}.Debug|x86.ActiveCfg = Debug|Win32
		{37217886-CB10-4FDD-A6CD-78BE322B3BF8}.Debug|x86.Build.0 = Debug|Win32
		{37217886-CB10-4FDD-A6CD-78BE322B3BF8}.Release|x64.ActiveCfg = Release|x64
		{37217886-CB10-4FDD-A6CD-78BE322B3BF8}.Release|x64.Build.0 = Release|x64
		{37217886-CB10-4FDD-A6CD-78BE322B3BF8}.Release|x86.ActiveCfg = Release|Win32
		{37217886-CB10-4FDD-A6CD-78BE322B3BF8}.Release|x86.Build.0 = Release|Win32
		{499FA861-ACEB-4922-B841-8969A893D811}.Debug|x64.ActiveCfg = Debug|x64
		{499FA861-ACEB-4922-B841-8969A893D811}.Debug|x64.Build.0 = Debug|x64
		{499FA861-ACEB-4922-B841-8969A893D811}.Debug|x86.ActiveCfg = Debug|Win32
		{499FA861-ACEB-4922-B841-8969A893D811}.Debug|x86.Build.0 = Debug|Win32
		{499FA861-ACEB-4922-B841-8969A893D811}.Release|x64.ActiveCfg = Release|x64
		{499FA861-ACEB-4922-B841-8969A893D811}.Release|x64.Build.0 = Release|x64
		{499FA861-ACEB-4922-B841-8969A893D811}.Release|x86.ActiveCfg = Release|Win32
		{499FA861-ACEB-4922-B841-8969A893D811}.Release|x86.Build.0 = Release|Win32
		{C88CC34D-1442-49BC-A1D1-F474CF60180E}.Debug|x64.ActiveCfg = Debug|x64
		{C88CC34D-1442-49BC-A1D1-F474CF60180E}.Debug|x64.Build.0 = Debug|x64
		{C88CC34D-1442-49BC-A1D1-F474CF60180E}.Debug|x86.ActiveCfg = Debug|Win32
		{C88CC34D-1442-49BC-A1D1-F474CF60180E}.Debug|x86.Build.0 = Debug|Win32
		{C88CC34D-1442-49BC-A1D1-F474CF60180E}.Release|x64.ActiveCfg = Release|x64
		{C88CC34D-1442-49BC-A1D1-F474CF60180E}.Release|x64.Build.0 = Release|x64
		{C88CC34D-1442-49BC-A1D1-F474CF60180E}.Release|x86.ActiveCfg = Release|Win32
		{C88CC34D-1442-49BC-A1D1-F474CF60180E}.Release|x86.Build.0 = Release|Win32
		{03E1210F-3C08-471D-A73E-54771F0440FA}.Debug|x64.ActiveCfg = Debug|x64
		{03E1210F-3C08-471D-A73E-54771F0440FA}.Debug|x64.Build.0 = Debug|x64
		{03E1210F-3C08-471D-A73E-54771F0440FA}.Debug|x86.ActiveCfg = Debug|Win32
		{03E1210F-3C08-471D-A73E-54771F0440FA}.Debug|x86.Build.0 = Debug|Win32
		{03E1210F-3C08-471D-A73E-54771F0440FA}.Release|x64.ActiveCfg = Release|x64
		{03E1210F-3C08-471D-A73E-54771F0440FA}.Release|x64.Build.0 = Release|x64
		{03E1210F-3C08-471D-A73E-54771F0440FA}.Release|x86.ActiveCfg = Release|Win32
		{03E1210F-3C08-471D-A73E-54771F0440FA}.Release|x86.Build.0 = Release|Win32
		{C173B575-0124-43E9-A551-2F08F846CEB5}.Debug|x64.ActiveCfg = Debug|x64
		{C173B575-0124-43E9-A551-2F08F846CEB5}.Debug|x64.Build.0 = Debug|x64
		{C173B575-0124-43E9-A551-2F08F846CEB5}.Debug|x86.ActiveCfg = Debug|Win32
		{C173B575-0124-43E9-A551-2F08F846CEB5}.Debug|x86.Build.0 = Debug|Win32
		{C173B575-0124-43E9-A551-2F08F846CEB5}.Release|x64.ActiveCfg = Release|x64
		{C173B575-0124-43E9-A551-2F08F846CEB5}.Release|x64.Build.0 = Release|x64
		{C173B575-0124-43E9-A551-2F08F846CEB5}.Release|x86.ActiveCfg = Release|Win32
		{C173B575-0124-43E9-A551-2F08F846CEB5}.Release|x86.Build.0 = Release|Win32
		{B552F1F1-E7DC-4AE3-B569-B1359DDFC9D1}.Debug|x64.ActiveCfg = Debug|x64
		{B552F1F1-E7DC-4AE3-B569-B1359DDFC9D1}.Debug|x64.Build.0 = Debug|x64
		{B552F1F1-E7DC-4AE3-B569-B1359DDFC9D1}.Debug|x86.ActiveCfg = Debug|Win32
		{B552F1F1-E7DC-4AE3-B569-B1359DDFC9D1}.Debug|x86.Build.0 = Debug|Win32
		{B552F1F1-E7DC-4AE3-B569-B1359DDFC9D1}.Release|x64.ActiveCfg = Release|x64
		{B552F1F1-E7DC-4AE3-B569-B1359DDFC9D1}.Release|x64.Build.0 = Release|x64
		{B552F1F1-E7DC-4AE3-B569-B1359DDFC9D1}.Release|x86.ActiveCfg = Release|Win32
		{B552F1F1-E7DC-4AE3-B569-B1359DDFC9D1}.Release|x86.Build.0 = Release|Win32
		{02F0049E-22CC-45E1-836D-5CCA198603ED}.Debug|x64.ActiveCfg = Debug|x64
		{02F0049E-22CC-45E1-836D-5CCA198603ED}.Debug|x64.Build.0 = Debug|x64
		{02F0049E-22CC-45E1-836D-5CCA198603ED}.Debug|x86.ActiveCfg = Debug|Win32
		{02F0049E-22CC-45E1-836D-5CCA198603ED}.Debug|x86.Build.0 = Debug|Win32
		{02F0049E-22CC-45E1-836D-5CCA198603ED}.Release|x64.ActiveCfg = Release|x64
		{02F0049E-22CC-45E1-836D-5CCA198603ED}.Release|x64.Build.0 = Release|x64
		{02F0049E-22CC-45E1-836D-5CCA198603ED}.Release|x86.ActiveCfg = Release|Win32
		{02F0049E-22CC-45E1-836D-5CCA198603ED}.Release|x86.Build.0 = Release|Win32
		{52BE5646-71B0-42C0-B212-87B4E785EECD}.Debug|x64.ActiveCfg = Debug|x64
		{52BE5646-71B0-42C0-B212-87B4E785EECD}.Debug|x64.Build.0 = Debug|x64
		{52BE5646-71B0-42C0-B212-87B4E785EECD}.Debug|x86.ActiveCfg = Debug|Win32
		{52BE5646-71B0-42C0-B212-87B4E785EECD}.Debug|x86.Build.0 = Debug|Win32
		{52BE5646-71B0-42C0-B212-87B4E785EECD}.Release|x64.ActiveCfg = Release|x64
		{52BE5646-71B0-42C0-B212-87B4E785EECD}.Release|x64.Build.0 = Release|x64
		{52BE5646-71B0-42C0-B212-87B4E785EECD}.Release|x86.ActiveCfg = Release|Win32
		{52BE5646-71B0-42C0-B212-87B4E785EECD}.Release|x86.Build.0 = Release|Win32
		{9A9C4E4A-A381-40A8-8931-57825FFFAFCF}.Debug|x64.ActiveCfg = Debug|x64
		{9A9C4E4A-A381-40A8-8931-57825FFFAFCF}.Debug|x64.Build.0 = Debug|x64
		{9A9C4E4A-A381-40A8-8931-57825FFFAFCF}.Debug|x86.ActiveCfg = Debug|Win32
		{9A9C4E4A-A381-40A8-8931-57825FFFAFCF}.Debug|x86.Build.0 = Debug|Win32
		{9A9C4E4A-A381-40A8-8931-57825FFFAFCF}.Release|x64.ActiveCfg = Release|x64
		{9A9C4E4A-A381-40A8-8931-57825FFFAFCF}.Release|x64.Build.0 = Release|x64
		{9A9C4E4A-A381-40A8-8931-57825FFFAFCF}.Release|x86.ActiveCfg = Release|Win32
		{9A9C4E4A-A381-40A8-8931-57825FFFAFCF}.Release|x86.Build.0 = Release|Win32
		{A0457BAF-8691-487B-BC60-9FBFA040AD12}.Debug|x64.ActiveCfg = Debug|x64
		{A0457BAF-8691-487B-BC60-9FBFA040AD12}.Debug|x64.Build.0 = Debug|x64
		{A0457BAF-8691-487B-BC60-9FBFA040AD12}.Debug|x86.ActiveCfg = Debug|Win32
		{A0457BAF-8691-487B-BC60-9FBFA040AD12}.Debug|x86.Build.0 = Debug|Win32
		{A0457BAF-8691-487B-BC60-9FBFA040AD12}.Release|x64.ActiveCfg = Release|x64
		{A0457BAF-8691-487B-BC60-9FBFA040AD12}.Release|x64.Build.0 = Release|x64
		{A0457BAF-8691-487B-BC60-9FBFA040AD12}.Release|x86.ActiveCfg = Release|Win32
		{A0457BAF-8691-487B-BC60-9FBFA040AD12}.Release|x86.Build.0 = Release|Win32
		{B12DF003-6936-4CD8-857C-F28A0F286D35}.Debug|x64.ActiveCfg = Debug|x64
		{B12DF003-6936-4CD8-857C-F28A0F286D35}.Debug|x64.Build.0 = Debug|x64
		{B12DF003-6936-4CD8-857C-F28A0F286D35}.Debug|x86.ActiveCfg = Debug|Win32
		{B12DF003-6936-4CD8-857C-F28A0F286D35}.Debug|x86.Build.0 = Debug|Win32
		{B12DF003-6936-4CD8-857C-F28A0F286D35}.Release|x64.ActiveCfg = Release|x64
		{B12DF003-6936-4CD8-857C-F28A0F286D35}.Release|x64.Build.0 = Release|x64
		{B12DF003-6936-4CD8-857C-F28A0F286D35}.Release|x86.ActiveCfg = Release|Win32
		{B12DF003-6936-4CD8-857C-F28A0F286D35}.Release|x86.Build.0 = Release|Win32
		{7A332671-5ACA-4E7B-8ED0-1845F918FC1F}.Debug|x64.ActiveCfg = Debug|x64
		{7A332671-5ACA-4E7B-8ED0-1845F918FC1F}.Debug|x64.Build.0 = Debug|x64
		{7A332671-5ACA-4E7B-8ED0-1845F918FC1F}.Debug|x86.ActiveCfg = Debug|Win32
		{7A332671-5ACA-4E7B-8ED0-1845F918FC1F}.Debug|x86.Build.0 = Debug|Win32
		{7A332671-5ACA-4E7B-8ED0-1845F918FC1F}.Release|x64.ActiveCfg = Release|x64
		{7A332671-5ACA-4E7B-8ED0-1845F918FC1F}.Release|x64.Build.0 = Release|x64
		{7A332671-5ACA-4E7B-8ED0-1845F918FC1F}.Release|x86.ActiveCfg = Release|Win32
		{7A332671-5ACA-4E7B-8ED0-1845F918FC1F}.Release|x86.Build.0 = Release|Win32
		{AA78D824-5F6C-4703-87BC-F9EE9F233390}.Debug|x64.ActiveCfg = Debug|x64
		{AA78D824-5F6C-4703-87BC-F9EE9F233390}.Debug|x64.Build.0 = Debug|x64
		{AA78D824-5F6C-4703-87BC-F9EE9F233390}.Debug|x86.ActiveCfg = Debug|Win32
		{AA78D824-5F6C-4703-87BC-F9EE9F233390}.Debug|x86.Build.0 = Debug|Win32
		{AA78D824-5F6C-4703-87BC-F9EE9F233390}.Release|x64.ActiveCfg = Release|x64
		{AA78D824-5F6C-4703-87BC-F9EE9F233390}.Release|x64.Build.0 = Release|x64
		{AA78D824-5F6C-4703-87BC-F9EE9F233390}.Release|x86.ActiveCfg = Release|Win32
		{AA78D824-5F6C-4703-87BC-F9EE9F233390}.Release|x86.Build.0 = Release|Win32
		{0D7902A4-CF95-4931-9470-869B808F494B}.Debug|x64.ActiveCfg = Debug|x64
		{0D7902A4-CF95-4931-9470-869B808F494B}.Debug|x64.Build.0 = Debug|x64
		{0D7902A4-CF95-4931-9470-869B808F494B}.Debug|x86.ActiveCfg = Debug|Win32
		{0D7902A4-CF95-4931-9470-869B808F494B}.Debug|x86.Build.0 = Debug|Win32
		{0D7902A4-CF95-4931-9470-869B808F494B}.Release|x64.ActiveCfg = Release|x64
		{0D7902A4-CF95-4931-9470-869B808F494B}.Release|x64.Build.0 = Release|x64
		{0D7902A4-CF95-4931-9470-869B808F494B}.Release|x86.ActiveCfg = Release|Win32
		{0D7902A4-CF95-4931-9470-869B808F494B}.Release|x86.Build.0 = Release|Win32
		{70AF7061-D36B-4318-92B8-EC0FA170D452}.Debug|x64.ActiveCfg = Debug|x64
		{70AF7061-D36B-4318-92B8-EC0FA170D452}.Debug|x64.Build.0 = Debug|x64
		{70AF7061-D36B-4318-92B8-EC0FA170D452}.Debug|x86.ActiveCfg = Debug|Win32
		{70AF7061-D36B-4318-92B8-EC0FA170D452}.Debug|x86.Build.0 = Debug|Win32
		{70AF7061-D36B-4318-92B8-EC0FA170D452}.Release|x64.ActiveCfg = Release|x64
		{70AF7061-D36B-4318-92B8-EC0FA170D452}.Release|x64.Build.0 = Release|x64
		{70AF7061-D36B-4318-92B8-EC0FA170D452}.Release|x86.ActiveCfg = Release|Win32
		{70AF7061-D36B-4318-92B8-EC0FA170D452}.Release|x86.Build.0 = Release|Win32
		{9377C27F-4CB4-48B9-A42C-120475EB2F7F}.Debug|x64.ActiveCfg = Debug|x64
		{9377C27F-4CB4-48B9-A42C-120475EB2F7F}.Debug|x64.Build.0 = Debug|x64
		{9377C27F-4CB4-48B9-A42C-120475EB2F7F}.Debug|x86.ActiveCfg = Debug|Win32
		{9377C27F-4CB4-48B9-A42C-120475EB2F7F}.Debug|x86.Build.0 = Debug|Win32
		{9377C27F-4CB4-48B9-A42C-120475EB2F7F}.Release|x64.ActiveCfg = Release|x64
		{9377C27F-4CB4-48B9-A42C-120475EB2F7F}.Release|x64.Build.0 = Release|x64
		{9377C27F-4CB4-48B9-A42C-120475EB2F7F}.Release|x86.ActiveCfg = Release|Win32
		{9377C27F-4CB4-48B9-A42C-120475EB2F7F}.Release|x86.Build.0 = Release|Win32
		{5DB4641C-95C0-4205-B742-15121211A81F}.Debug|x64.ActiveCfg = Debug|x64
		{5DB4641C-95C0-4205-B742-15121211A81F}.Debug|x64.Build.0 = Debug|x64
		{5DB4641C-95C0-4205-B742-15121211A81F}.Debug|x86.ActiveCfg = Debug|Win32
		{5DB4641C-95C0-4205-B742-15121211A81F}.Debug|x86.Build.0 = Debug|Win32
		{5DB4641C-95C0-4205-B742-15121211A81F}.Release|x64.ActiveCfg = Release|x64
		{5DB4641C-95C0-4205-B742-15121211A81F}.Release|x64.Build.0 = Release|x64
		{5DB4641C-95C0-4205-B742-15121211A81F}.Release|x86.ActiveCfg = Release|Win32
		{5DB4641C-95C0-4205-B742-15121211A81F}.Release|x86.Build.0 = Release|Win32
		{7A842D18-0A3E-4353-85F3-6EC23F8163EE}.Debug|x64.ActiveCfg = Debug|x64
		{7A842D18-0A3E-4353-85F3-6EC23F8163EE}.Debug|x64.Build.0 = Debug|x64
		{7A842D18-0A3E-4353-85F3-6EC23F8163EE}.Debug|x86.ActiveCfg = Debug|Win32
		{7A842D18-0A3E-4353-85F3-6EC23F8163EE}.Debug|x86.Build.0 = Debug|Win32
		{7A842D18-0A3E-4353-85F3-6EC23F8163EE}.Release|x64.ActiveCfg = Release|x64
		{7A842D18-0A3E-4353-85F3-6EC23F8163EE}.Release|x64.Build.0 = Release|x64
		{7A842D18-0A3E-4353-85F3-6EC23F8163EE}.Release|x86.ActiveCfg = Release|Win32
		{7A842D18-0A3E-4353-85F3-6EC23F8163EE}.Release|x86.Build.0 = Release|Win32
		{3F96FAF2-BAF8-46A2-9A42-6813781CF038}.Debug|x64.ActiveCfg = Debug|x64
		{3F96FAF2-BAF8-46A2-9A42-6813781CF038}.Debug|x64.Build.0 = Debug|x64
		{3F96FAF2-BAF8-46A2-9A42-6813781CF038}.Debug|x86.ActiveCfg = Debug|Win32
		{3F96FAF2-BAF8-46A2-9A42-6813781CF038}.Debug|x86.Build.0 = Debug|Win32
		{3F96FAF2-BAF8-46A2-9A42-6813781CF038}.Release|x64.ActiveCfg = Release|x64
		{3F96FAF2-BAF8-46A2-9A42-6813781CF038}.Release|x64.Build.0 = Release|x64
		{3F96FAF2-BAF8-46A2-9A42-6813781CF038}.Release|x86.ActiveCfg = Release|Win32
		{3F96FAF2-BAF8-46A2-9A42-6813781CF038}.Release|x86.Build.0 = Release|Win32
		{C0B0B82A-D954-4FEB-812E-20B96AF915BF}.Debug|x64.ActiveCfg = Debug|x64
		{C0B0B82A-D954-4FEB-812E-20B96AF915BF}.Debug|x64.Build.0 = Debug|x64
		{C0B0B82A-D954-4FEB-812E-20B96AF915BF}.Debug|x86.ActiveCfg = Debug|Win32
		{C0B0B82A-D954-4FEB-812E-20B96AF915BF}.Debug|x86.Build.0 = Debug|Win32
		{C0B0B82A-D954-4FEB-812E-20B96AF915BF}.Release|x64.ActiveCfg = Release|x64
		{C0B0B82A-D954-4FEB-812E-20B96AF915BF}.Release|x64.Build.0 = Release|x64
		{C0B0B82A-D954-4FEB-812E-20B96AF915BF}.Release|x86.ActiveCfg = Release|Win32
		{C0B0B82A-D954-4FEB-812E-20B96AF915BF}.Release|x86.Build.0 = Release|Win32
		{5606CFB1-ED39-4D56-AEFD-A59FD0CA9329}.Debug|x64.ActiveCfg = Debug|x64
		{5606CFB1-ED39-4D56-AEFD-A59FD0CA9329}.Debug|x64.Build.0 = Debug|x64
		{5606CFB1-ED39-4D56-AEFD-A59FD0CA9329}.Debug|x86.ActiveCfg = Debug|Win32
		{5606CFB1-ED39-4D56-AEFD-A59FD0CA9329}.Debug|x86.Build.0 = Debug|Win32
		{5606CFB1-ED39-4D56-AEFD-A59FD0CA9329}.Release|x64.ActiveCfg = Release|x64
		{5606CFB1-ED39-4D56-AEFD-A59FD0CA9329}.Release|x64.Build.0 = Release|x64
		{5606CFB1-ED39-4D56-AEFD-A59FD0CA9329}.Release|x86.ActiveCfg = Release|Win32
		{5606CFB1-ED39-4D56-AEFD-A59FD0CA9329}.Release|x86.Build.0 = Release|Win32
		{1CE1F3E0-6C6B-450E-8692-9BA1B76F1ED6}.Debug|x64.ActiveCfg = Debug|x64
		{1CE1F3E0-6C6B-450E-8692-9BA1B76F1ED6}.Debug|x64.Build.0 = Debug|x64
		{1CE1F3E0-6C6B-450E-8692-9BA1B76F1ED6}.Debug|x86.ActiveCfg = Debug|Win32
		{1CE1F3E0-6C6B-450E-8692-9BA1B76F1ED6}.Debug|x86.Build.0 = Debug|Win32
		{1CE1F3E0-6C6B-450E-8692-9BA1B76F1ED6}.Release|x64.ActiveCfg = Release|x64
		{1CE1F3E0-6C6B-450E-8692-9BA1B76F1ED6}.Release|x64.Build.0 = Release|x64
		{1CE1F3E0-6C6B-450E-8692-9BA1B76F1ED6}.Release|x86.ActiveCfg = Release|Win32
		{1CE1F3E0-6C6B-450E-8692-9BA1B76F1ED6}.Release|x86.Build.0 = Release|Win32
		{9F284572-BBFE-499E-B16F-D27107668313}.Debug|x64.ActiveCfg = Debug|x64
		{9F284572-BBFE-499E-B16F-D27107668313}.Debug|x64.Build.0 = Debug|x64
		{9F284572-BBFE-499E-B16F-D27107668313}.Debug|x86.ActiveCfg = Debug|Win32
		{9F284572-BBFE-499E-B16F-D27107668313}.Debug|x86.Build.0 = Debug|Win32
		{9F284572-BBFE-499E-B16F-D27107668313}.Release|x64.ActiveCfg = Release|x64
		{9F284572-BBFE-499E-B16F-D27107668313}.Release|x64.Build.0 = Release|x64
		{9F284572-BBFE-499E-B16F-D27107668313}.Release|x86.ActiveCfg = Release|Win32
		{9F284572-BBFE-499E-B16F-D27107668313}.Release|x86.Build.0 = Release|Win32
		{BC1129EE-2C21-419F-9560-14B555288A92}.Debug|x64.ActiveCfg = Debug|x64
		{BC1129EE-2C21-419F-9560-14B555288A92}.Debug|x64.Build.0 = Debug|x64
		{BC1129EE-2C21-419F-9560-14B555288A92}.Debug|x86.ActiveCfg = Debug|Win32
		{BC1129EE-2C21-419F-9560-14B555288A92}.Debug|x86.Build.0 = Debug|Win32
		{BC1129EE-2C21-419F-9560-14B555288A92}.Release|x64.ActiveCfg = Release|x64
		{BC1129EE-2C21-419F-9560-14B555288A92}.Release|x64.Build.0 = Release|x64
		{BC1129EE-2C21-419F-9560-14B555288A92}.Release|x86.ActiveCfg = Release|Win32
		{BC1129EE-2C21-419F-9560-14B555288A92}.Release|x86.Build.0 = Release|Win32
	EndGlobalSection
	GlobalSection(SolutionProperties) = preSolution
		HideSolutionNode = FALSE
	EndGlobalSection
EndGlobal
